// !$*UTF8*$!
{
	archiveVersion = 1;
	classes = {
	};
	objectVersion = 46;
	objects = {

/* Begin PBXBuildFile section */
		472B2A631E238712007A2504 /* GoogleService-Info.plist in Resources */ = {isa = PBXBuildFile; fileRef = 472B2A621E238712007A2504 /* GoogleService-Info.plist */; };
		472B2A651E238C00007A2504 /* Movie.swift in Sources */ = {isa = PBXBuildFile; fileRef = 472B2A641E238C00007A2504 /* Movie.swift */; };
		4732A7971E213EA7006442B8 /* AppDelegate.swift in Sources */ = {isa = PBXBuildFile; fileRef = 4732A7961E213EA7006442B8 /* AppDelegate.swift */; };
		4732A7991E213EA7006442B8 /* ViewController.swift in Sources */ = {isa = PBXBuildFile; fileRef = 4732A7981E213EA7006442B8 /* ViewController.swift */; };
		4732A79C1E213EA7006442B8 /* Main.storyboard in Resources */ = {isa = PBXBuildFile; fileRef = 4732A79A1E213EA7006442B8 /* Main.storyboard */; };
		4732A79E1E213EA7006442B8 /* Assets.xcassets in Resources */ = {isa = PBXBuildFile; fileRef = 4732A79D1E213EA7006442B8 /* Assets.xcassets */; };
		4732A7A11E213EA7006442B8 /* LaunchScreen.storyboard in Resources */ = {isa = PBXBuildFile; fileRef = 4732A79F1E213EA7006442B8 /* LaunchScreen.storyboard */; };
		F5E338475637CE8F3854B605 /* Pods_testws.framework in Frameworks */ = {isa = PBXBuildFile; fileRef = 20D10AEC23F9E5373C9A325B /* Pods_testws.framework */; };
/* End PBXBuildFile section */

/* Begin PBXFileReference section */
		20D10AEC23F9E5373C9A325B /* Pods_testws.framework */ = {isa = PBXFileReference; explicitFileType = wrapper.framework; includeInIndex = 0; path = Pods_testws.framework; sourceTree = BUILT_PRODUCTS_DIR; };
		472B2A621E238712007A2504 /* GoogleService-Info.plist */ = {isa = PBXFileReference; fileEncoding = 4; lastKnownFileType = text.plist.xml; path = "GoogleService-Info.plist"; sourceTree = "<group>"; };
		472B2A641E238C00007A2504 /* Movie.swift */ = {isa = PBXFileReference; fileEncoding = 4; lastKnownFileType = sourcecode.swift; path = Movie.swift; sourceTree = "<group>"; };
		4732A7931E213EA7006442B8 /* testws.app */ = {isa = PBXFileReference; explicitFileType = wrapper.application; includeInIndex = 0; path = testws.app; sourceTree = BUILT_PRODUCTS_DIR; };
		4732A7961E213EA7006442B8 /* AppDelegate.swift */ = {isa = PBXFileReference; lastKnownFileType = sourcecode.swift; path = AppDelegate.swift; sourceTree = "<group>"; };
		4732A7981E213EA7006442B8 /* ViewController.swift */ = {isa = PBXFileReference; lastKnownFileType = sourcecode.swift; path = ViewController.swift; sourceTree = "<group>"; };
		4732A79B1E213EA7006442B8 /* Base */ = {isa = PBXFileReference; lastKnownFileType = file.storyboard; name = Base; path = Base.lproj/Main.storyboard; sourceTree = "<group>"; };
		4732A79D1E213EA7006442B8 /* Assets.xcassets */ = {isa = PBXFileReference; lastKnownFileType = folder.assetcatalog; path = Assets.xcassets; sourceTree = "<group>"; };
		4732A7A01E213EA7006442B8 /* Base */ = {isa = PBXFileReference; lastKnownFileType = file.storyboard; name = Base; path = Base.lproj/LaunchScreen.storyboard; sourceTree = "<group>"; };
		4732A7A21E213EA7006442B8 /* Info.plist */ = {isa = PBXFileReference; lastKnownFileType = text.plist.xml; path = Info.plist; sourceTree = "<group>"; };
		5625E20787E8E0460DE50D26 /* Pods-testws.debug.xcconfig */ = {isa = PBXFileReference; includeInIndex = 1; lastKnownFileType = text.xcconfig; name = "Pods-testws.debug.xcconfig"; path = "Pods/Target Support Files/Pods-testws/Pods-testws.debug.xcconfig"; sourceTree = "<group>"; };
		7A0C4CF79A96512628460802 /* Pods-testws.release.xcconfig */ = {isa = PBXFileReference; includeInIndex = 1; lastKnownFileType = text.xcconfig; name = "Pods-testws.release.xcconfig"; path = "Pods/Target Support Files/Pods-testws/Pods-testws.release.xcconfig"; sourceTree = "<group>"; };
/* End PBXFileReference section */

/* Begin PBXFrameworksBuildPhase section */
		4732A7901E213EA6006442B8 /* Frameworks */ = {
			isa = PBXFrameworksBuildPhase;
			buildActionMask = 2147483647;
			files = (
				F5E338475637CE8F3854B605 /* Pods_testws.framework in Frameworks */,
			);
			runOnlyForDeploymentPostprocessing = 0;
		};
/* End PBXFrameworksBuildPhase section */

/* Begin PBXGroup section */
		065C939753E2C95E50052944 /* Pods */ = {
			isa = PBXGroup;
			children = (
				5625E20787E8E0460DE50D26 /* Pods-testws.debug.xcconfig */,
				7A0C4CF79A96512628460802 /* Pods-testws.release.xcconfig */,
			);
			name = Pods;
			sourceTree = "<group>";
		};
		4732A78A1E213EA6006442B8 = {
			isa = PBXGroup;
			children = (
				472B2A621E238712007A2504 /* GoogleService-Info.plist */,
				4732A7951E213EA7006442B8 /* testws */,
				4732A7941E213EA7006442B8 /* Products */,
				065C939753E2C95E50052944 /* Pods */,
				DF3A8C1EAA1BC4AAEFA8EC08 /* Frameworks */,
			);
			sourceTree = "<group>";
		};
		4732A7941E213EA7006442B8 /* Products */ = {
			isa = PBXGroup;
			children = (
				4732A7931E213EA7006442B8 /* testws.app */,
			);
			name = Products;
			sourceTree = "<group>";
		};
		4732A7951E213EA7006442B8 /* testws */ = {
			isa = PBXGroup;
			children = (
				4732A7961E213EA7006442B8 /* AppDelegate.swift */,
				4732A7981E213EA7006442B8 /* ViewController.swift */,
				4732A79A1E213EA7006442B8 /* Main.storyboard */,
				4732A79D1E213EA7006442B8 /* Assets.xcassets */,
				4732A79F1E213EA7006442B8 /* LaunchScreen.storyboard */,
				4732A7A21E213EA7006442B8 /* Info.plist */,
				472B2A641E238C00007A2504 /* Movie.swift */,
			);
			path = testws;
			sourceTree = "<group>";
		};
		DF3A8C1EAA1BC4AAEFA8EC08 /* Frameworks */ = {
			isa = PBXGroup;
			children = (
				20D10AEC23F9E5373C9A325B /* Pods_testws.framework */,
			);
			name = Frameworks;
			sourceTree = "<group>";
		};
/* End PBXGroup section */

/* Begin PBXNativeTarget section */
		4732A7921E213EA6006442B8 /* testws */ = {
			isa = PBXNativeTarget;
			buildConfigurationList = 4732A7A51E213EA7006442B8 /* Build configuration list for PBXNativeTarget "testws" */;
			buildPhases = (
				3568756933362A8443D6149E /* [CP] Check Pods Manifest.lock */,
				4732A78F1E213EA6006442B8 /* Sources */,
				4732A7901E213EA6006442B8 /* Frameworks */,
				4732A7911E213EA6006442B8 /* Resources */,
				EBA584478621EDBB13CD171B /* [CP] Embed Pods Frameworks */,
				B88A032D232F64736E2E2E0E /* [CP] Copy Pods Resources */,
			);
			buildRules = (
			);
			dependencies = (
			);
			name = testws;
			productName = testws;
			productReference = 4732A7931E213EA7006442B8 /* testws.app */;
			productType = "com.apple.product-type.application";
		};
/* End PBXNativeTarget section */

/* Begin PBXProject section */
		4732A78B1E213EA6006442B8 /* Project object */ = {
			isa = PBXProject;
			attributes = {
				LastSwiftUpdateCheck = 0810;
				LastUpgradeCheck = 0810;
				ORGANIZATIONNAME = PoncikApps;
				TargetAttributes = {
					4732A7921E213EA6006442B8 = {
						CreatedOnToolsVersion = 8.1;
						DevelopmentTeam = QZHSMV869F;
						ProvisioningStyle = Automatic;
					};
				};
			};
			buildConfigurationList = 4732A78E1E213EA6006442B8 /* Build configuration list for PBXProject "testws" */;
			compatibilityVersion = "Xcode 3.2";
			developmentRegion = English;
			hasScannedForEncodings = 0;
			knownRegions = (
				en,
				Base,
			);
			mainGroup = 4732A78A1E213EA6006442B8;
			productRefGroup = 4732A7941E213EA7006442B8 /* Products */;
			projectDirPath = "";
			projectRoot = "";
			targets = (
				4732A7921E213EA6006442B8 /* testws */,
			);
		};
/* End PBXProject section */

/* Begin PBXResourcesBuildPhase section */
		4732A7911E213EA6006442B8 /* Resources */ = {
			isa = PBXResourcesBuildPhase;
			buildActionMask = 2147483647;
			files = (
				4732A7A11E213EA7006442B8 /* LaunchScreen.storyboard in Resources */,
				472B2A631E238712007A2504 /* GoogleService-Info.plist in Resources */,
				4732A79E1E213EA7006442B8 /* Assets.xcassets in Resources */,
				4732A79C1E213EA7006442B8 /* Main.storyboard in Resources */,
			);
			runOnlyForDeploymentPostprocessing = 0;
		};
/* End PBXResourcesBuildPhase section */

/* Begin PBXShellScriptBuildPhase section */
		3568756933362A8443D6149E /* [CP] Check Pods Manifest.lock */ = {
			isa = PBXShellScriptBuildPhase;
			buildActionMask = 2147483647;
			files = (
			);
			inputPaths = (
			);
			name = "[CP] Check Pods Manifest.lock";
			outputPaths = (
			);
			runOnlyForDeploymentPostprocessing = 0;
			shellPath = /bin/sh;
			shellScript = "diff \"${PODS_ROOT}/../Podfile.lock\" \"${PODS_ROOT}/Manifest.lock\" > /dev/null\nif [ $? != 0 ] ; then\n    # print error to STDERR\n    echo \"error: The sandbox is not in sync with the Podfile.lock. Run 'pod install' or update your CocoaPods installation.\" >&2\n    exit 1\nfi\n";
			showEnvVarsInLog = 0;
		};
		B88A032D232F64736E2E2E0E /* [CP] Copy Pods Resources */ = {
			isa = PBXShellScriptBuildPhase;
			buildActionMask = 2147483647;
			files = (
			);
			inputPaths = (
			);
			name = "[CP] Copy Pods Resources";
			outputPaths = (
			);
			runOnlyForDeploymentPostprocessing = 0;
			shellPath = /bin/sh;
			shellScript = "\"${SRCROOT}/Pods/Target Support Files/Pods-testws/Pods-testws-resources.sh\"\n";
			showEnvVarsInLog = 0;
		};
		EBA584478621EDBB13CD171B /* [CP] Embed Pods Frameworks */ = {
			isa = PBXShellScriptBuildPhase;
			buildActionMask = 2147483647;
			files = (
			);
			inputPaths = (
			);
			name = "[CP] Embed Pods Frameworks";
			outputPaths = (
			);
			runOnlyForDeploymentPostprocessing = 0;
			shellPath = /bin/sh;
			shellScript = "\"${SRCROOT}/Pods/Target Support Files/Pods-testws/Pods-testws-frameworks.sh\"\n";
			showEnvVarsInLog = 0;
		};
/* End PBXShellScriptBuildPhase section */

/* Begin PBXSourcesBuildPhase section */
		4732A78F1E213EA6006442B8 /* Sources */ = {
			isa = PBXSourcesBuildPhase;
			buildActionMask = 2147483647;
			files = (
				4732A7991E213EA7006442B8 /* ViewController.swift in Sources */,
				472B2A651E238C00007A2504 /* Movie.swift in Sources */,
				4732A7971E213EA7006442B8 /* AppDelegate.swift in Sources */,
			);
			runOnlyForDeploymentPostprocessing = 0;
		};
/* End PBXSourcesBuildPhase section */

/* Begin PBXVariantGroup section */
		4732A79A1E213EA7006442B8 /* Main.storyboard */ = {
			isa = PBXVariantGroup;
			children = (
				4732A79B1E213EA7006442B8 /* Base */,
			);
			name = Main.storyboard;
			sourceTree = "<group>";
		};
		4732A79F1E213EA7006442B8 /* LaunchScreen.storyboard */ = {
			isa = PBXVariantGroup;
			children = (
				4732A7A01E213EA7006442B8 /* Base */,
			);
			name = LaunchScreen.storyboard;
			sourceTree = "<group>";
		};
/* End PBXVariantGroup section */

/* Begin XCBuildConfiguration section */
		4732A7A31E213EA7006442B8 /* Debug */ = {
			isa = XCBuildConfiguration;
			buildSettings = {
				ALWAYS_SEARCH_USER_PATHS = NO;
				CLANG_ANALYZER_NONNULL = YES;
				CLANG_CXX_LANGUAGE_STANDARD = "gnu++0x";
				CLANG_CXX_LIBRARY = "libc++";
				CLANG_ENABLE_MODULES = YES;
				CLANG_ENABLE_OBJC_ARC = YES;
				CLANG_WARN_BOOL_CONVERSION = YES;
				CLANG_WARN_CONSTANT_CONVERSION = YES;
				CLANG_WARN_DIRECT_OBJC_ISA_USAGE = YES_ERROR;
				CLANG_WARN_DOCUMENTATION_COMMENTS = YES;
				CLANG_WARN_EMPTY_BODY = YES;
				CLANG_WARN_ENUM_CONVERSION = YES;
				CLANG_WARN_INFINITE_RECURSION = YES;
				CLANG_WARN_INT_CONVERSION = YES;
				CLANG_WARN_OBJC_ROOT_CLASS = YES_ERROR;
				CLANG_WARN_SUSPICIOUS_MOVES = YES;
				CLANG_WARN_UNREACHABLE_CODE = YES;
				CLANG_WARN__DUPLICATE_METHOD_MATCH = YES;
				"CODE_SIGN_IDENTITY[sdk=iphoneos*]" = "iPhone Developer";
				COPY_PHASE_STRIP = NO;
				DEBUG_INFORMATION_FORMAT = dwarf;
				ENABLE_STRICT_OBJC_MSGSEND = YES;
				ENABLE_TESTABILITY = YES;
				GCC_C_LANGUAGE_STANDARD = gnu99;
				GCC_DYNAMIC_NO_PIC = NO;
				GCC_NO_COMMON_BLOCKS = YES;
				GCC_OPTIMIZATION_LEVEL = 0;
				GCC_PREPROCESSOR_DEFINITIONS = (
					"DEBUG=1",
					"$(inherited)",
				);
				GCC_WARN_64_TO_32_BIT_CONVERSION = YES;
				GCC_WARN_ABOUT_RETURN_TYPE = YES_ERROR;
				GCC_WARN_UNDECLARED_SELECTOR = YES;
				GCC_WARN_UNINITIALIZED_AUTOS = YES_AGGRESSIVE;
				GCC_WARN_UNUSED_FUNCTION = YES;
				GCC_WARN_UNUSED_VARIABLE = YES;
				IPHONEOS_DEPLOYMENT_TARGET = 10.1;
				MTL_ENABLE_DEBUG_INFO = YES;
				ONLY_ACTIVE_ARCH = YES;
				SDKROOT = iphoneos;
				SWIFT_ACTIVE_COMPILATION_CONDITIONS = DEBUG;
				SWIFT_OPTIMIZATION_LEVEL = "-Onone";
			};
			name = Debug;
		};
		4732A7A41E213EA7006442B8 /* Release */ = {
			isa = XCBuildConfiguration;
			buildSettings = {
				ALWAYS_SEARCH_USER_PATHS = NO;
				CLANG_ANALYZER_NONNULL = YES;
				CLANG_CXX_LANGUAGE_STANDARD = "gnu++0x";
				CLANG_CXX_LIBRARY = "libc++";
				CLANG_ENABLE_MODULES = YES;
				CLANG_ENABLE_OBJC_ARC = YES;
				CLANG_WARN_BOOL_CONVERSION = YES;
				CLANG_WARN_CONSTANT_CONVERSION = YES;
				CLANG_WARN_DIRECT_OBJC_ISA_USAGE = YES_ERROR;
				CLANG_WARN_DOCUMENTATION_COMMENTS = YES;
				CLANG_WARN_EMPTY_BODY = YES;
				CLANG_WARN_ENUM_CONVERSION = YES;
				CLANG_WARN_INFINITE_RECURSION = YES;
				CLANG_WARN_INT_CONVERSION = YES;
				CLANG_WARN_OBJC_ROOT_CLASS = YES_ERROR;
				CLANG_WARN_SUSPICIOUS_MOVES = YES;
				CLANG_WARN_UNREACHABLE_CODE = YES;
				CLANG_WARN__DUPLICATE_METHOD_MATCH = YES;
				"CODE_SIGN_IDENTITY[sdk=iphoneos*]" = "iPhone Developer";
				COPY_PHASE_STRIP = NO;
				DEBUG_INFORMATION_FORMAT = "dwarf-with-dsym";
				ENABLE_NS_ASSERTIONS = NO;
				ENABLE_STRICT_OBJC_MSGSEND = YES;
				GCC_C_LANGUAGE_STANDARD = gnu99;
				GCC_NO_COMMON_BLOCKS = YES;
				GCC_WARN_64_TO_32_BIT_CONVERSION = YES;
				GCC_WARN_ABOUT_RETURN_TYPE = YES_ERROR;
				GCC_WARN_UNDECLARED_SELECTOR = YES;
				GCC_WARN_UNINITIALIZED_AUTOS = YES_AGGRESSIVE;
				GCC_WARN_UNUSED_FUNCTION = YES;
				GCC_WARN_UNUSED_VARIABLE = YES;
				IPHONEOS_DEPLOYMENT_TARGET = 10.1;
				MTL_ENABLE_DEBUG_INFO = NO;
				SDKROOT = iphoneos;
				SWIFT_OPTIMIZATION_LEVEL = "-Owholemodule";
				VALIDATE_PRODUCT = YES;
			};
			name = Release;
		};
		4732A7A61E213EA7006442B8 /* Debug */ = {
			isa = XCBuildConfiguration;
			baseConfigurationReference = 5625E20787E8E0460DE50D26 /* Pods-testws.debug.xcconfig */;
			buildSettings = {
				ASSETCATALOG_COMPILER_APPICON_NAME = AppIcon;
				DEVELOPMENT_TEAM = QZHSMV869F;
				INFOPLIST_FILE = testws/Info.plist;
				LD_RUNPATH_SEARCH_PATHS = "$(inherited) @executable_path/Frameworks";
				PRODUCT_BUNDLE_IDENTIFIER = com.poncik.testws;
				PRODUCT_NAME = "$(TARGET_NAME)";
				SWIFT_VERSION = 3.0;
			};
			name = Debug;
		};
		4732A7A71E213EA7006442B8 /* Release */ = {
			isa = XCBuildConfiguration;
			baseConfigurationReference = 7A0C4CF79A96512628460802 /* Pods-testws.release.xcconfig */;
			buildSettings = {
				ASSETCATALOG_COMPILER_APPICON_NAME = AppIcon;
				DEVELOPMENT_TEAM = QZHSMV869F;
				INFOPLIST_FILE = testws/Info.plist;
				LD_RUNPATH_SEARCH_PATHS = "$(inherited) @executable_path/Frameworks";
				PRODUCT_BUNDLE_IDENTIFIER = com.poncik.testws;
				PRODUCT_NAME = "$(TARGET_NAME)";
				SWIFT_VERSION = 3.0;
			};
			name = Release;
		};
/* End XCBuildConfiguration section */

/* Begin XCConfigurationList section */
		4732A78E1E213EA6006442B8 /* Build configuration list for PBXProject "testws" */ = {
			isa = XCConfigurationList;
			buildConfigurations = (
				4732A7A31E213EA7006442B8 /* Debug */,
				4732A7A41E213EA7006442B8 /* Release */,
			);
			defaultConfigurationIsVisible = 0;
			defaultConfigurationName = Release;
		};
		4732A7A51E213EA7006442B8 /* Build configuration list for PBXNativeTarget "testws" */ = {
			isa = XCConfigurationList;
			buildConfigurations = (
				4732A7A61E213EA7006442B8 /* Debug */,
				4732A7A71E213EA7006442B8 /* Release */,
			);
			defaultConfigurationIsVisible = 0;
			defaultConfigurationName = Release;
		};
/* End XCConfigurationList section */
	};
	rootObject = 4732A78B1E213EA6006442B8 /* Project object */;
}
